
Microsoft Visual Studio Solution File, Format Version 11.00
# Visual Studio 2010
Project("{8BC9CEB8-8B4A-11D0-8D11-00A0C91BC942}") = "Ray Tracing", "Ray Tracing.vcxproj", "{83EC6AB4-0E30-4C44-B42F-2B60FFB70F0E}"
EndProject
Project("{8BC9CEB8-8B4A-11D0-8D11-00A0C91BC942}") = "OpenGL Tests", "..\OpenGL Tests\OpenGL Tests.vcxproj", "{55014966-D60E-4E0A-9009-88719BFDC2AC}"
EndProject
Project("{2150E333-8FDC-42A3-9474-1A3956D46DE8}") = "Solution Items", "Solution Items", "{6D5DA03B-E149-466C-B20D-70575B6EB292}"
	ProjectSection(SolutionItems) = preProject
		Local.testsettings = Local.testsettings
		Ray Tracing.vsmdi = Ray Tracing.vsmdi
		TraceAndTestImpact.testsettings = TraceAndTestImpact.testsettings
	EndProjectSection
EndProject
Project("{8BC9CEB8-8B4A-11D0-8D11-00A0C91BC942}") = "Unit Tests", "..\Unit Tests\Unit Tests.vcxproj", "{878E1068-2919-4D55-A547-A6F6BB1E667F}"
EndProject
Project("{8BC9CEB8-8B4A-11D0-8D11-00A0C91BC942}") = "Path Tracing", "..\Path Tracing\Path Tracing.vcxproj", "{6CE7C51F-5F1E-4FB0-BDDE-00ED26614650}"
EndProject
Global
	GlobalSection(TestCaseManagementSettings) = postSolution
		CategoryFile = Ray Tracing.vsmdi
	EndGlobalSection
	GlobalSection(SolutionConfigurationPlatforms) = preSolution
		Debug|Win32 = Debug|Win32
		Release|Win32 = Release|Win32
	EndGlobalSection
	GlobalSection(ProjectConfigurationPlatforms) = postSolution
		{83EC6AB4-0E30-4C44-B42F-2B60FFB70F0E}.Debug|Win32.ActiveCfg = Debug|Win32
		{83EC6AB4-0E30-4C44-B42F-2B60FFB70F0E}.Debug|Win32.Build.0 = Debug|Win32
		{83EC6AB4-0E30-4C44-B42F-2B60FFB70F0E}.Release|Win32.ActiveCfg = Release|Win32
		{83EC6AB4-0E30-4C44-B42F-2B60FFB70F0E}.Release|Win32.Build.0 = Release|Win32
		{55014966-D60E-4E0A-9009-88719BFDC2AC}.Debug|Win32.ActiveCfg = Debug|Win32
		{55014966-D60E-4E0A-9009-88719BFDC2AC}.Debug|Win32.Build.0 = Debug|Win32
		{55014966-D60E-4E0A-9009-88719BFDC2AC}.Release|Win32.ActiveCfg = Release|Win32
		{55014966-D60E-4E0A-9009-88719BFDC2AC}.Release|Win32.Build.0 = Release|Win32
		{878E1068-2919-4D55-A547-A6F6BB1E667F}.Debug|Win32.ActiveCfg = Debug|Win32
		{878E1068-2919-4D55-A547-A6F6BB1E667F}.Debug|Win32.Build.0 = Debug|Win32
		{878E1068-2919-4D55-A547-A6F6BB1E667F}.Release|Win32.ActiveCfg = Release|Win32
		{878E1068-2919-4D55-A547-A6F6BB1E667F}.Release|Win32.Build.0 = Release|Win32
		{6CE7C51F-5F1E-4FB0-BDDE-00ED26614650}.Debug|Win32.ActiveCfg = Debug|Win32
		{6CE7C51F-5F1E-4FB0-BDDE-00ED26614650}.Debug|Win32.Build.0 = Debug|Win32
		{6CE7C51F-5F1E-4FB0-BDDE-00ED26614650}.Release|Win32.ActiveCfg = Release|Win32
		{6CE7C51F-5F1E-4FB0-BDDE-00ED26614650}.Release|Win32.Build.0 = Release|Win32
	EndGlobalSection
	GlobalSection(SolutionProperties) = preSolution
		HideSolutionNode = FALSE
	EndGlobalSection
EndGlobal
